
Microsoft Visual Studio Solution File, Format Version 11.00
# Visual C# Express 2010
Project("{FAE04EC0-301F-11D3-BF4B-00C04F79EFBC}") = "shooter", "shooter\shooter.csproj", "{CD5B205A-6A2C-4E11-8CB8-3BA4C746FE0E}"
EndProject
Project("{FAE04EC0-301F-11D3-BF4B-00C04F79EFBC}") = "ShooterContent", "ShooterContent\ShooterContent\ShooterContent.csproj", "{6900E2D7-870A-4D45-8C9E-B9D008CA37AC}"
EndProject
Project("{96E2B04D-8817-42C6-938A-82C39BA4D311}") = "ShooterContentContent", "ShooterContent\ShooterContentContent\ShooterContentContent.contentproj", "{186211C0-2383-47B7-99B0-FB00A6B3D02C}"
EndProject
Global
	GlobalSection(SolutionConfigurationPlatforms) = preSolution
		Android|Any CPU = Android|Any CPU
		Android|Mixed Platforms = Android|Mixed Platforms
		Android|x86 = Android|x86
		Debug|Any CPU = Debug|Any CPU
		Debug|Mixed Platforms = Debug|Mixed Platforms
		Debug|x86 = Debug|x86
		iOS|Any CPU = iOS|Any CPU
		iOS|Mixed Platforms = iOS|Mixed Platforms
		iOS|x86 = iOS|x86
		Linux|Any CPU = Linux|Any CPU
		Linux|Mixed Platforms = Linux|Mixed Platforms
		Linux|x86 = Linux|x86
		OSX|Any CPU = OSX|Any CPU
		OSX|Mixed Platforms = OSX|Mixed Platforms
		OSX|x86 = OSX|x86
		PSM|Any CPU = PSM|Any CPU
		PSM|Mixed Platforms = PSM|Mixed Platforms
		PSM|x86 = PSM|x86
		Release|Any CPU = Release|Any CPU
		Release|Mixed Platforms = Release|Mixed Platforms
		Release|x86 = Release|x86
		Windows|Any CPU = Windows|Any CPU
		Windows|Mixed Platforms = Windows|Mixed Platforms
		Windows|x86 = Windows|x86
		Windows8|Any CPU = Windows8|Any CPU
		Windows8|Mixed Platforms = Windows8|Mixed Platforms
		Windows8|x86 = Windows8|x86
	EndGlobalSection
	GlobalSection(ProjectConfigurationPlatforms) = postSolution
		{CD5B205A-6A2C-4E11-8CB8-3BA4C746FE0E}.Android|Any CPU.ActiveCfg = Release|x86
		{CD5B205A-6A2C-4E11-8CB8-3BA4C746FE0E}.Android|Mixed Platforms.ActiveCfg = Release|x86
		{CD5B205A-6A2C-4E11-8CB8-3BA4C746FE0E}.Android|Mixed Platforms.Build.0 = Release|x86
		{CD5B205A-6A2C-4E11-8CB8-3BA4C746FE0E}.Android|x86.ActiveCfg = Release|x86
		{CD5B205A-6A2C-4E11-8CB8-3BA4C746FE0E}.Android|x86.Build.0 = Release|x86
		{CD5B205A-6A2C-4E11-8CB8-3BA4C746FE0E}.Debug|Any CPU.ActiveCfg = Debug|x86
		{CD5B205A-6A2C-4E11-8CB8-3BA4C746FE0E}.Debug|Mixed Platforms.ActiveCfg = Debug|x86
		{CD5B205A-6A2C-4E11-8CB8-3BA4C746FE0E}.Debug|Mixed Platforms.Build.0 = Debug|x86
		{CD5B205A-6A2C-4E11-8CB8-3BA4C746FE0E}.Debug|x86.ActiveCfg = Debug|x86
		{CD5B205A-6A2C-4E11-8CB8-3BA4C746FE0E}.Debug|x86.Build.0 = Debug|x86
		{CD5B205A-6A2C-4E11-8CB8-3BA4C746FE0E}.iOS|Any CPU.ActiveCfg = Release|x86
		{CD5B205A-6A2C-4E11-8CB8-3BA4C746FE0E}.iOS|Mixed Platforms.ActiveCfg = Release|x86
		{CD5B205A-6A2C-4E11-8CB8-3BA4C746FE0E}.iOS|Mixed Platforms.Build.0 = Release|x86
		{CD5B205A-6A2C-4E11-8CB8-3BA4C746FE0E}.iOS|x86.ActiveCfg = Release|x86
		{CD5B205A-6A2C-4E11-8CB8-3BA4C746FE0E}.iOS|x86.Build.0 = Release|x86
		{CD5B205A-6A2C-4E11-8CB8-3BA4C746FE0E}.Linux|Any CPU.ActiveCfg = Release|x86
		{CD5B205A-6A2C-4E11-8CB8-3BA4C746FE0E}.Linux|Mixed Platforms.ActiveCfg = Release|x86
		{CD5B205A-6A2C-4E11-8CB8-3BA4C746FE0E}.Linux|Mixed Platforms.Build.0 = Release|x86
		{CD5B205A-6A2C-4E11-8CB8-3BA4C746FE0E}.Linux|x86.ActiveCfg = Release|x86
		{CD5B205A-6A2C-4E11-8CB8-3BA4C746FE0E}.Linux|x86.Build.0 = Release|x86
		{CD5B205A-6A2C-4E11-8CB8-3BA4C746FE0E}.OSX|Any CPU.ActiveCfg = Release|x86
		{CD5B205A-6A2C-4E11-8CB8-3BA4C746FE0E}.OSX|Mixed Platforms.ActiveCfg = Release|x86
		{CD5B205A-6A2C-4E11-8CB8-3BA4C746FE0E}.OSX|Mixed Platforms.Build.0 = Release|x86
		{CD5B205A-6A2C-4E11-8CB8-3BA4C746FE0E}.OSX|x86.ActiveCfg = Release|x86
		{CD5B205A-6A2C-4E11-8CB8-3BA4C746FE0E}.OSX|x86.Build.0 = Release|x86
		{CD5B205A-6A2C-4E11-8CB8-3BA4C746FE0E}.PSM|Any CPU.ActiveCfg = Release|x86
		{CD5B205A-6A2C-4E11-8CB8-3BA4C746FE0E}.PSM|Mixed Platforms.ActiveCfg = Release|x86
		{CD5B205A-6A2C-4E11-8CB8-3BA4C746FE0E}.PSM|Mixed Platforms.Build.0 = Release|x86
		{CD5B205A-6A2C-4E11-8CB8-3BA4C746FE0E}.PSM|x86.ActiveCfg = Release|x86
		{CD5B205A-6A2C-4E11-8CB8-3BA4C746FE0E}.PSM|x86.Build.0 = Release|x86
		{CD5B205A-6A2C-4E11-8CB8-3BA4C746FE0E}.Release|Any CPU.ActiveCfg = Release|x86
		{CD5B205A-6A2C-4E11-8CB8-3BA4C746FE0E}.Release|Mixed Platforms.ActiveCfg = Release|x86
		{CD5B205A-6A2C-4E11-8CB8-3BA4C746FE0E}.Release|Mixed Platforms.Build.0 = Release|x86
		{CD5B205A-6A2C-4E11-8CB8-3BA4C746FE0E}.Release|x86.ActiveCfg = Release|x86
		{CD5B205A-6A2C-4E11-8CB8-3BA4C746FE0E}.Release|x86.Build.0 = Release|x86
		{CD5B205A-6A2C-4E11-8CB8-3BA4C746FE0E}.Windows|Any CPU.ActiveCfg = Release|x86
		{CD5B205A-6A2C-4E11-8CB8-3BA4C746FE0E}.Windows|Mixed Platforms.ActiveCfg = Release|x86
		{CD5B205A-6A2C-4E11-8CB8-3BA4C746FE0E}.Windows|Mixed Platforms.Build.0 = Release|x86
		{CD5B205A-6A2C-4E11-8CB8-3BA4C746FE0E}.Windows|x86.ActiveCfg = Release|x86
		{CD5B205A-6A2C-4E11-8CB8-3BA4C746FE0E}.Windows|x86.Build.0 = Release|x86
		{CD5B205A-6A2C-4E11-8CB8-3BA4C746FE0E}.Windows8|Any CPU.ActiveCfg = Release|x86
		{CD5B205A-6A2C-4E11-8CB8-3BA4C746FE0E}.Windows8|Mixed Platforms.ActiveCfg = Release|x86
		{CD5B205A-6A2C-4E11-8CB8-3BA4C746FE0E}.Windows8|Mixed Platforms.Build.0 = Release|x86
		{CD5B205A-6A2C-4E11-8CB8-3BA4C746FE0E}.Windows8|x86.ActiveCfg = Release|x86
		{CD5B205A-6A2C-4E11-8CB8-3BA4C746FE0E}.Windows8|x86.Build.0 = Release|x86
		{6900E2D7-870A-4D45-8C9E-B9D008CA37AC}.Android|Any CPU.ActiveCfg = Android|Any CPU
		{6900E2D7-870A-4D45-8C9E-B9D008CA37AC}.Android|Any CPU.Build.0 = Android|Any CPU
		{6900E2D7-870A-4D45-8C9E-B9D008CA37AC}.Android|Mixed Platforms.ActiveCfg = Android|Any CPU
		{6900E2D7-870A-4D45-8C9E-B9D008CA37AC}.Android|Mixed Platforms.Build.0 = Android|Any CPU
		{6900E2D7-870A-4D45-8C9E-B9D008CA37AC}.Android|x86.ActiveCfg = Android|Any CPU
		{6900E2D7-870A-4D45-8C9E-B9D008CA37AC}.Debug|Any CPU.ActiveCfg = PSM|Any CPU
		{6900E2D7-870A-4D45-8C9E-B9D008CA37AC}.Debug|Any CPU.Build.0 = PSM|Any CPU
		{6900E2D7-870A-4D45-8C9E-B9D008CA37AC}.Debug|Mixed Platforms.ActiveCfg = PSM|Any CPU
		{6900E2D7-870A-4D45-8C9E-B9D008CA37AC}.Debug|Mixed Platforms.Build.0 = PSM|Any CPU
		{6900E2D7-870A-4D45-8C9E-B9D008CA37AC}.Debug|x86.ActiveCfg = PSM|Any CPU
		{6900E2D7-870A-4D45-8C9E-B9D008CA37AC}.iOS|Any CPU.ActiveCfg = iOS|Any CPU
		{6900E2D7-870A-4D45-8C9E-B9D008CA37AC}.iOS|Any CPU.Build.0 = iOS|Any CPU
		{6900E2D7-870A-4D45-8C9E-B9D008CA37AC}.iOS|Mixed Platforms.ActiveCfg = iOS|Any CPU
		{6900E2D7-870A-4D45-8C9E-B9D008CA37AC}.iOS|Mixed Platforms.Build.0 = iOS|Any CPU
		{6900E2D7-870A-4D45-8C9E-B9D008CA37AC}.iOS|x86.ActiveCfg = iOS|Any CPU
		{6900E2D7-870A-4D45-8C9E-B9D008CA37AC}.Linux|Any CPU.ActiveCfg = Linux|Any CPU
		{6900E2D7-870A-4D45-8C9E-B9D008CA37AC}.Linux|Any CPU.Build.0 = Linux|Any CPU
		{6900E2D7-870A-4D45-8C9E-B9D008CA37AC}.Linux|Mixed Platforms.ActiveCfg = Linux|Any CPU
		{6900E2D7-870A-4D45-8C9E-B9D008CA37AC}.Linux|Mixed Platforms.Build.0 = Linux|Any CPU
		{6900E2D7-870A-4D45-8C9E-B9D008CA37AC}.Linux|x86.ActiveCfg = Linux|Any CPU
		{6900E2D7-870A-4D45-8C9E-B9D008CA37AC}.OSX|Any CPU.ActiveCfg = OSX|Any CPU
		{6900E2D7-870A-4D45-8C9E-B9D008CA37AC}.OSX|Any CPU.Build.0 = OSX|Any CPU
		{6900E2D7-870A-4D45-8C9E-B9D008CA37AC}.OSX|Mixed Platforms.ActiveCfg = OSX|Any CPU
		{6900E2D7-870A-4D45-8C9E-B9D008CA37AC}.OSX|Mixed Platforms.Build.0 = OSX|Any CPU
		{6900E2D7-870A-4D45-8C9E-B9D008CA37AC}.OSX|x86.ActiveCfg = OSX|Any CPU
		{6900E2D7-870A-4D45-8C9E-B9D008CA37AC}.PSM|Any CPU.ActiveCfg = PSM|Any CPU
		{6900E2D7-870A-4D45-8C9E-B9D008CA37AC}.PSM|Any CPU.Build.0 = PSM|Any CPU
		{6900E2D7-870A-4D45-8C9E-B9D008CA37AC}.PSM|Mixed Platforms.ActiveCfg = PSM|Any CPU
		{6900E2D7-870A-4D45-8C9E-B9D008CA37AC}.PSM|Mixed Platforms.Build.0 = PSM|Any CPU
		{6900E2D7-870A-4D45-8C9E-B9D008CA37AC}.PSM|x86.ActiveCfg = PSM|Any CPU
		{6900E2D7-870A-4D45-8C9E-B9D008CA37AC}.Release|Any CPU.ActiveCfg = PSM|Any CPU
		{6900E2D7-870A-4D45-8C9E-B9D008CA37AC}.Release|Any CPU.Build.0 = PSM|Any CPU
		{6900E2D7-870A-4D45-8C9E-B9D008CA37AC}.Release|Mixed Platforms.ActiveCfg = PSM|Any CPU
		{6900E2D7-870A-4D45-8C9E-B9D008CA37AC}.Release|Mixed Platforms.Build.0 = PSM|Any CPU
		{6900E2D7-870A-4D45-8C9E-B9D008CA37AC}.Release|x86.ActiveCfg = PSM|Any CPU
		{6900E2D7-870A-4D45-8C9E-B9D008CA37AC}.Windows|Any CPU.ActiveCfg = Windows|Any CPU
		{6900E2D7-870A-4D45-8C9E-B9D008CA37AC}.Windows|Any CPU.Build.0 = Windows|Any CPU
		{6900E2D7-870A-4D45-8C9E-B9D008CA37AC}.Windows|Mixed Platforms.ActiveCfg = Windows|Any CPU
		{6900E2D7-870A-4D45-8C9E-B9D008CA37AC}.Windows|Mixed Platforms.Build.0 = Windows|Any CPU
		{6900E2D7-870A-4D45-8C9E-B9D008CA37AC}.Windows|x86.ActiveCfg = Windows|Any CPU
		{6900E2D7-870A-4D45-8C9E-B9D008CA37AC}.Windows8|Any CPU.ActiveCfg = Windows8|Any CPU
		{6900E2D7-870A-4D45-8C9E-B9D008CA37AC}.Windows8|Any CPU.Build.0 = Windows8|Any CPU
		{6900E2D7-870A-4D45-8C9E-B9D008CA37AC}.Windows8|Mixed Platforms.ActiveCfg = Windows8|Any CPU
		{6900E2D7-870A-4D45-8C9E-B9D008CA37AC}.Windows8|Mixed Platforms.Build.0 = Windows8|Any CPU
		{6900E2D7-870A-4D45-8C9E-B9D008CA37AC}.Windows8|x86.ActiveCfg = Windows8|Any CPU
		{186211C0-2383-47B7-99B0-FB00A6B3D02C}.Android|Any CPU.ActiveCfg = Android|Any CPU
		{186211C0-2383-47B7-99B0-FB00A6B3D02C}.Android|Mixed Platforms.ActiveCfg = Android|Any CPU
		{186211C0-2383-47B7-99B0-FB00A6B3D02C}.Android|x86.ActiveCfg = Android|Any CPU
		{186211C0-2383-47B7-99B0-FB00A6B3D02C}.Debug|Any CPU.ActiveCfg = PSM|Any CPU
		{186211C0-2383-47B7-99B0-FB00A6B3D02C}.Debug|Mixed Platforms.ActiveCfg = PSM|Any CPU
		{186211C0-2383-47B7-99B0-FB00A6B3D02C}.Debug|x86.ActiveCfg = PSM|Any CPU
		{186211C0-2383-47B7-99B0-FB00A6B3D02C}.iOS|Any CPU.ActiveCfg = iOS|Any CPU
		{186211C0-2383-47B7-99B0-FB00A6B3D02C}.iOS|Mixed Platforms.ActiveCfg = iOS|Any CPU
		{186211C0-2383-47B7-99B0-FB00A6B3D02C}.iOS|x86.ActiveCfg = iOS|Any CPU
		{186211C0-2383-47B7-99B0-FB00A6B3D02C}.Linux|Any CPU.ActiveCfg = Linux|Any CPU
		{186211C0-2383-47B7-99B0-FB00A6B3D02C}.Linux|Mixed Platforms.ActiveCfg = Linux|Any CPU
		{186211C0-2383-47B7-99B0-FB00A6B3D02C}.Linux|x86.ActiveCfg = Linux|Any CPU
		{186211C0-2383-47B7-99B0-FB00A6B3D02C}.OSX|Any CPU.ActiveCfg = OSX|Any CPU
		{186211C0-2383-47B7-99B0-FB00A6B3D02C}.OSX|Mixed Platforms.ActiveCfg = OSX|Any CPU
		{186211C0-2383-47B7-99B0-FB00A6B3D02C}.OSX|x86.ActiveCfg = OSX|Any CPU
		{186211C0-2383-47B7-99B0-FB00A6B3D02C}.PSM|Any CPU.ActiveCfg = PSM|Any CPU
		{186211C0-2383-47B7-99B0-FB00A6B3D02C}.PSM|Mixed Platforms.ActiveCfg = PSM|Any CPU
		{186211C0-2383-47B7-99B0-FB00A6B3D02C}.PSM|x86.ActiveCfg = PSM|Any CPU
		{186211C0-2383-47B7-99B0-FB00A6B3D02C}.Release|Any CPU.ActiveCfg = PSM|Any CPU
		{186211C0-2383-47B7-99B0-FB00A6B3D02C}.Release|Mixed Platforms.ActiveCfg = PSM|Any CPU
		{186211C0-2383-47B7-99B0-FB00A6B3D02C}.Release|x86.ActiveCfg = PSM|Any CPU
		{186211C0-2383-47B7-99B0-FB00A6B3D02C}.Windows|Any CPU.ActiveCfg = Windows|Any CPU
		{186211C0-2383-47B7-99B0-FB00A6B3D02C}.Windows|Mixed Platforms.ActiveCfg = Windows|Any CPU
		{186211C0-2383-47B7-99B0-FB00A6B3D02C}.Windows|x86.ActiveCfg = Windows|Any CPU
		{186211C0-2383-47B7-99B0-FB00A6B3D02C}.Windows8|Any CPU.ActiveCfg = Windows8|Any CPU
		{186211C0-2383-47B7-99B0-FB00A6B3D02C}.Windows8|Mixed Platforms.ActiveCfg = Windows8|Any CPU
		{186211C0-2383-47B7-99B0-FB00A6B3D02C}.Windows8|x86.ActiveCfg = Windows8|Any CPU
	EndGlobalSection
	GlobalSection(SolutionProperties) = preSolution
		HideSolutionNode = FALSE
	EndGlobalSection
EndGlobal
